
Microsoft Visual Studio Solution File, Format Version 12.00
# Visual Studio Version 17
VisualStudioVersion = 17.3.32929.385
MinimumVisualStudioVersion = 10.0.40219.1
Project("{FAE04EC0-301F-11D3-BF4B-00C04F79EFBC}") = "DisplayDate", "DisplayDate\DisplayDate.csproj", "{8678907E-A0E6-48A1-BA75-E9310D3D309C}"
EndProject
Global
	GlobalSection(SolutionConfigurationPlatforms) = preSolution
		Debug|Any CPU = Debug|Any CPU
		Release|Any CPU = Release|Any CPU
	EndGlobalSection
	GlobalSection(ProjectConfigurationPlatforms) = postSolution
		{8678907E-A0E6-48A1-BA75-E9310D3D309C}.Debug|Any CPU.ActiveCfg = Debug|Any CPU
		{8678907E-A0E6-48A1-BA75-E9310D3D309C}.Debug|Any CPU.Build.0 = Debug|Any CPU
		{8678907E-A0E6-48A1-BA75-E9310D3D309C}.Release|Any CPU.ActiveCfg = Release|Any CPU
		{8678907E-A0E6-48A1-BA75-E9310D3D309C}.Release|Any CPU.Build.0 = Release|Any CPU
	EndGlobalSection
	GlobalSection(SolutionProperties) = preSolution
		HideSolutionNode = FALSE
	EndGlobalSection
	GlobalSection(ExtensibilityGlobals) = postSolution
		SolutionGuid = {DEEEE05E-18C4-41AB-A3A7-A1E19777AE64}
	EndGlobalSection
EndGlobal
